
Microsoft Visual Studio Solution File, Format Version 12.00
# Visual Studio Version 17
VisualStudioVersion = 17.3.32901.215
MinimumVisualStudioVersion = 10.0.40219.1
Project("{9A19103F-16F7-4668-BE54-9A1E7A4F7556}") = "GreetService", "GreetService\GreetService.csproj", "{C7889C50-C2F2-40A0-B40B-5DF465EDC352}"
EndProject
Project("{9A19103F-16F7-4668-BE54-9A1E7A4F7556}") = "GreetService.Contract", "GreetService.Contract\GreetService.Contract.csproj", "{4439CBAD-3C0D-42FE-B782-BC8E52D2DD03}"
EndProject
Project("{9A19103F-16F7-4668-BE54-9A1E7A4F7556}") = "GreetService.Domain", "GreetService.Domain\GreetService.Domain.csproj", "{DAE38299-EDDB-4A24-9028-E6E6C6D87C7D}"
EndProject
Project("{9A19103F-16F7-4668-BE54-9A1E7A4F7556}") = "GreetService.Service", "GreetService.Service\GreetService.Service.csproj", "{581DBD5C-1F49-4B03-B026-ACFDDA3B81E6}"
EndProject
Project("{FAE04EC0-301F-11D3-BF4B-00C04F79EFBC}") = "GreetService.Test", "GreetService.Test\GreetService.Test.csproj", "{75AEBF11-3737-4281-9246-9009DAA73FAE}"
EndProject
Global
	GlobalSection(SolutionConfigurationPlatforms) = preSolution
		Debug|Any CPU = Debug|Any CPU
		Release|Any CPU = Release|Any CPU
	EndGlobalSection
	GlobalSection(ProjectConfigurationPlatforms) = postSolution
		{C7889C50-C2F2-40A0-B40B-5DF465EDC352}.Debug|Any CPU.ActiveCfg = Debug|Any CPU
		{C7889C50-C2F2-40A0-B40B-5DF465EDC352}.Debug|Any CPU.Build.0 = Debug|Any CPU
		{C7889C50-C2F2-40A0-B40B-5DF465EDC352}.Release|Any CPU.ActiveCfg = Release|Any CPU
		{C7889C50-C2F2-40A0-B40B-5DF465EDC352}.Release|Any CPU.Build.0 = Release|Any CPU
		{4439CBAD-3C0D-42FE-B782-BC8E52D2DD03}.Debug|Any CPU.ActiveCfg = Debug|Any CPU
		{4439CBAD-3C0D-42FE-B782-BC8E52D2DD03}.Debug|Any CPU.Build.0 = Debug|Any CPU
		{4439CBAD-3C0D-42FE-B782-BC8E52D2DD03}.Release|Any CPU.ActiveCfg = Release|Any CPU
		{4439CBAD-3C0D-42FE-B782-BC8E52D2DD03}.Release|Any CPU.Build.0 = Release|Any CPU
		{DAE38299-EDDB-4A24-9028-E6E6C6D87C7D}.Debug|Any CPU.ActiveCfg = Debug|Any CPU
		{DAE38299-EDDB-4A24-9028-E6E6C6D87C7D}.Debug|Any CPU.Build.0 = Debug|Any CPU
		{DAE38299-EDDB-4A24-9028-E6E6C6D87C7D}.Release|Any CPU.ActiveCfg = Release|Any CPU
		{DAE38299-EDDB-4A24-9028-E6E6C6D87C7D}.Release|Any CPU.Build.0 = Release|Any CPU
		{581DBD5C-1F49-4B03-B026-ACFDDA3B81E6}.Debug|Any CPU.ActiveCfg = Debug|Any CPU
		{581DBD5C-1F49-4B03-B026-ACFDDA3B81E6}.Debug|Any CPU.Build.0 = Debug|Any CPU
		{581DBD5C-1F49-4B03-B026-ACFDDA3B81E6}.Release|Any CPU.ActiveCfg = Release|Any CPU
		{581DBD5C-1F49-4B03-B026-ACFDDA3B81E6}.Release|Any CPU.Build.0 = Release|Any CPU
		{75AEBF11-3737-4281-9246-9009DAA73FAE}.Debug|Any CPU.ActiveCfg = Debug|Any CPU
		{75AEBF11-3737-4281-9246-9009DAA73FAE}.Debug|Any CPU.Build.0 = Debug|Any CPU
		{75AEBF11-3737-4281-9246-9009DAA73FAE}.Release|Any CPU.ActiveCfg = Release|Any CPU
		{75AEBF11-3737-4281-9246-9009DAA73FAE}.Release|Any CPU.Build.0 = Release|Any CPU
	EndGlobalSection
	GlobalSection(SolutionProperties) = preSolution
		HideSolutionNode = FALSE
	EndGlobalSection
	GlobalSection(ExtensibilityGlobals) = postSolution
		SolutionGuid = {31E7E90A-2445-439D-B21D-6489F2632174}
	EndGlobalSection
EndGlobal
